Microsoft Visual Studio Solution File, Format Version 11.00
# Visual Studio 2015

Project("{8BC9CEB8-8B4A-11D0-8D11-00A0C91BC942}") = "MidiCidi - VST", "MidiCidi_VST.vcxproj", "{699E72E8-8C7E-EBEC-1908-92385F96CA8B}"
	ProjectSection(ProjectDependencies) = postProject
		{D0EAAA3F-EA41-0058-6E99-B8383315DA0B} = {D0EAAA3F-EA41-0058-6E99-B8383315DA0B}
	EndProjectSection
EndProject
Project("{8BC9CEB8-8B4A-11D0-8D11-00A0C91BC942}") = "MidiCidi - VST3", "MidiCidi_VST3.vcxproj", "{A4722FE5-49A7-0BDC-5D8F-EC4ADBCB9236}"
	ProjectSection(ProjectDependencies) = postProject
		{D0EAAA3F-EA41-0058-6E99-B8383315DA0B} = {D0EAAA3F-EA41-0058-6E99-B8383315DA0B}
	EndProjectSection
EndProject
Project("{8BC9CEB8-8B4A-11D0-8D11-00A0C91BC942}") = "MidiCidi - Shared Code", "MidiCidi_SharedCode.vcxproj", "{D0EAAA3F-EA41-0058-6E99-B8383315DA0B}"
EndProject
Global
	GlobalSection(SolutionConfigurationPlatforms) = preSolution
		Debug|x64 = Debug|x64
		Release|x64 = Release|x64
	EndGlobalSection
	GlobalSection(ProjectConfigurationPlatforms) = postSolution
		{699E72E8-8C7E-EBEC-1908-92385F96CA8B}.Debug|x64.Build.0 = Debug|x64
		{699E72E8-8C7E-EBEC-1908-92385F96CA8B}.Debug|x64.ActiveCfg = Debug|x64
		{699E72E8-8C7E-EBEC-1908-92385F96CA8B}.Release|x64.Build.0 = Release|x64
		{699E72E8-8C7E-EBEC-1908-92385F96CA8B}.Release|x64.ActiveCfg = Release|x64
		{A4722FE5-49A7-0BDC-5D8F-EC4ADBCB9236}.Debug|x64.Build.0 = Debug|x64
		{A4722FE5-49A7-0BDC-5D8F-EC4ADBCB9236}.Debug|x64.ActiveCfg = Debug|x64
		{A4722FE5-49A7-0BDC-5D8F-EC4ADBCB9236}.Release|x64.Build.0 = Release|x64
		{A4722FE5-49A7-0BDC-5D8F-EC4ADBCB9236}.Release|x64.ActiveCfg = Release|x64
		{D0EAAA3F-EA41-0058-6E99-B8383315DA0B}.Debug|x64.Build.0 = Debug|x64
		{D0EAAA3F-EA41-0058-6E99-B8383315DA0B}.Debug|x64.ActiveCfg = Debug|x64
		{D0EAAA3F-EA41-0058-6E99-B8383315DA0B}.Release|x64.Build.0 = Release|x64
		{D0EAAA3F-EA41-0058-6E99-B8383315DA0B}.Release|x64.ActiveCfg = Release|x64
	EndGlobalSection
	GlobalSection(SolutionProperties) = preSolution
		HideSolutionNode = FALSE
	EndGlobalSection
EndGlobal
